lockfileVersion: 5.4

specifiers:
  solid-js: ^1.8.4

devDependencies:
  solid-js: 1.8.4

packages:

  /csstype/3.1.2:
    resolution: {integrity: sha512-I7K1Uu0MBPzaFKg4nI5Q7Vs2t+3gWWW648spaF+Rg7pI9ds18Ugn+lvg4SHczUdKlHI5LWBXyqfS8+DufyBsgQ==}
    dev: true

  /seroval/0.12.0:
    resolution: {integrity: sha512-5qvk9WRORhvOdHVtDv6KEKrTDbG8O9nODDdETfQcJ0u9iaZJ6mAASg/nQgPzqtuV9cqln9msE7WNmD+sJomrIw==}
    engines: {node: '>=10'}
    dev: true

  /solid-js/1.8.4:
    resolution: {integrity: sha512-l8tZCa0nA1iyFR+yTZi4cKNktX3UfwT3FbdzDAtNwp40EtabVRf3t0EUN3C3Kokkh7c7nBx8ak/0GZV+KFVSxQ==}
    dependencies:
      csstype: 3.1.2
      seroval: 0.12.0
    dev: true
